
Microsoft Visual Studio Solution File, Format Version 12.00
# Visual Studio 15
Project("{FAE04EC0-301F-11D3-BF4B-00C04F79EFBC}") = "GuidanceApp.Android", "GuidanceApp.Android\GuidanceApp.Android.csproj", "{31F7047B-B8CD-40AA-915D-07F6BD138773}"
EndProject
Project("{FAE04EC0-301F-11D3-BF4B-00C04F79EFBC}") = "GuidanceApp.iOS", "GuidanceApp.iOS\GuidanceApp.iOS.csproj", "{68FEEBF3-79FA-4DBF-A098-A2E310D13DB4}"
EndProject
Project("{FAE04EC0-301F-11D3-BF4B-00C04F79EFBC}") = "GuidanceApp", "GuidanceApp\GuidanceApp.csproj", "{670C1DAD-F04F-48B6-B1D0-81E8D006FC39}"
EndProject
Global
	GlobalSection(SolutionConfigurationPlatforms) = preSolution
		Debug|Any CPU = Debug|Any CPU
		Release|Any CPU = Release|Any CPU
		Debug|iPhoneSimulator = Debug|iPhoneSimulator
		Release|iPhoneSimulator = Release|iPhoneSimulator
		Debug|iPhone = Debug|iPhone
		Release|iPhone = Release|iPhone
	EndGlobalSection
	GlobalSection(ProjectConfigurationPlatforms) = postSolution
		{31F7047B-B8CD-40AA-915D-07F6BD138773}.Debug|Any CPU.ActiveCfg = Debug|Any CPU
		{31F7047B-B8CD-40AA-915D-07F6BD138773}.Debug|Any CPU.Build.0 = Debug|Any CPU
		{31F7047B-B8CD-40AA-915D-07F6BD138773}.Release|Any CPU.ActiveCfg = Release|Any CPU
		{31F7047B-B8CD-40AA-915D-07F6BD138773}.Release|Any CPU.Build.0 = Release|Any CPU
		{31F7047B-B8CD-40AA-915D-07F6BD138773}.Debug|iPhoneSimulator.ActiveCfg = Debug|Any CPU
		{31F7047B-B8CD-40AA-915D-07F6BD138773}.Debug|iPhoneSimulator.Build.0 = Debug|Any CPU
		{31F7047B-B8CD-40AA-915D-07F6BD138773}.Release|iPhoneSimulator.ActiveCfg = Release|Any CPU
		{31F7047B-B8CD-40AA-915D-07F6BD138773}.Release|iPhoneSimulator.Build.0 = Release|Any CPU
		{31F7047B-B8CD-40AA-915D-07F6BD138773}.Debug|iPhone.ActiveCfg = Debug|Any CPU
		{31F7047B-B8CD-40AA-915D-07F6BD138773}.Debug|iPhone.Build.0 = Debug|Any CPU
		{31F7047B-B8CD-40AA-915D-07F6BD138773}.Release|iPhone.ActiveCfg = Release|Any CPU
		{31F7047B-B8CD-40AA-915D-07F6BD138773}.Release|iPhone.Build.0 = Release|Any CPU
		{68FEEBF3-79FA-4DBF-A098-A2E310D13DB4}.Debug|Any CPU.ActiveCfg = Debug|iPhoneSimulator
		{68FEEBF3-79FA-4DBF-A098-A2E310D13DB4}.Debug|Any CPU.Build.0 = Debug|iPhoneSimulator
		{68FEEBF3-79FA-4DBF-A098-A2E310D13DB4}.Release|Any CPU.ActiveCfg = Release|iPhoneSimulator
		{68FEEBF3-79FA-4DBF-A098-A2E310D13DB4}.Release|Any CPU.Build.0 = Release|iPhoneSimulator
		{68FEEBF3-79FA-4DBF-A098-A2E310D13DB4}.Debug|iPhoneSimulator.ActiveCfg = Debug|iPhoneSimulator
		{68FEEBF3-79FA-4DBF-A098-A2E310D13DB4}.Debug|iPhoneSimulator.Build.0 = Debug|iPhoneSimulator
		{68FEEBF3-79FA-4DBF-A098-A2E310D13DB4}.Release|iPhoneSimulator.ActiveCfg = Release|iPhoneSimulator
		{68FEEBF3-79FA-4DBF-A098-A2E310D13DB4}.Release|iPhoneSimulator.Build.0 = Release|iPhoneSimulator
		{68FEEBF3-79FA-4DBF-A098-A2E310D13DB4}.Debug|iPhone.ActiveCfg = Debug|iPhone
		{68FEEBF3-79FA-4DBF-A098-A2E310D13DB4}.Debug|iPhone.Build.0 = Debug|iPhone
		{68FEEBF3-79FA-4DBF-A098-A2E310D13DB4}.Release|iPhone.ActiveCfg = Release|iPhone
		{68FEEBF3-79FA-4DBF-A098-A2E310D13DB4}.Release|iPhone.Build.0 = Release|iPhone
		{670C1DAD-F04F-48B6-B1D0-81E8D006FC39}.Debug|Any CPU.ActiveCfg = Debug|Any CPU
		{670C1DAD-F04F-48B6-B1D0-81E8D006FC39}.Debug|Any CPU.Build.0 = Debug|Any CPU
		{670C1DAD-F04F-48B6-B1D0-81E8D006FC39}.Release|Any CPU.ActiveCfg = Release|Any CPU
		{670C1DAD-F04F-48B6-B1D0-81E8D006FC39}.Release|Any CPU.Build.0 = Release|Any CPU
		{670C1DAD-F04F-48B6-B1D0-81E8D006FC39}.Debug|iPhoneSimulator.ActiveCfg = Debug|Any CPU
		{670C1DAD-F04F-48B6-B1D0-81E8D006FC39}.Debug|iPhoneSimulator.Build.0 = Debug|Any CPU
		{670C1DAD-F04F-48B6-B1D0-81E8D006FC39}.Release|iPhoneSimulator.ActiveCfg = Release|Any CPU
		{670C1DAD-F04F-48B6-B1D0-81E8D006FC39}.Release|iPhoneSimulator.Build.0 = Release|Any CPU
		{670C1DAD-F04F-48B6-B1D0-81E8D006FC39}.Debug|iPhone.ActiveCfg = Debug|Any CPU
		{670C1DAD-F04F-48B6-B1D0-81E8D006FC39}.Debug|iPhone.Build.0 = Debug|Any CPU
		{670C1DAD-F04F-48B6-B1D0-81E8D006FC39}.Release|iPhone.ActiveCfg = Release|Any CPU
		{670C1DAD-F04F-48B6-B1D0-81E8D006FC39}.Release|iPhone.Build.0 = Release|Any CPU
	EndGlobalSection
EndGlobal
